
Microsoft Visual Studio Solution File, Format Version 12.00
# Visual Studio Version 16
VisualStudioVersion = 16.0.29209.62
MinimumVisualStudioVersion = 10.0.40219.1
Project("{FAE04EC0-301F-11D3-BF4B-00C04F79EFBC}") = "Jieshai.Data", "Jieshai.Data\Jieshai.Data.csproj", "{3263103A-98DD-42FC-80E0-A483E7D7A467}"
EndProject
Project("{FAE04EC0-301F-11D3-BF4B-00C04F79EFBC}") = "Jieshai.Core", "Jieshai.Core\Jieshai.Core.csproj", "{2C9D82DC-F9CC-4119-AFDA-EE0319369EDD}"
EndProject
Project("{FAE04EC0-301F-11D3-BF4B-00C04F79EFBC}") = "Jieshai.Cache", "Jieshai.Cache\Jieshai.Cache.csproj", "{7F9820F2-8325-4230-9625-B665458240A8}"
EndProject
Project("{FAE04EC0-301F-11D3-BF4B-00C04F79EFBC}") = "Jieshai", "Jieshai\Jieshai.csproj", "{737FA5C2-667E-4B77-9160-2A90E503D078}"
EndProject
Project("{FAE04EC0-301F-11D3-BF4B-00C04F79EFBC}") = "Jieshai.Tests", "Jieshai.Tests\Jieshai.Tests.csproj", "{912E5CA9-7DFF-41E0-A285-B095CF9E8577}"
EndProject
Project("{FAE04EC0-301F-11D3-BF4B-00C04F79EFBC}") = "Jieshai.Web", "Jieshai.Web\Jieshai.Web.csproj", "{D1FDE1EB-8A3C-4123-9A2E-0BDB4D8A5BA2}"
EndProject
Global
	GlobalSection(SolutionConfigurationPlatforms) = preSolution
		Debug|Any CPU = Debug|Any CPU
		Release|Any CPU = Release|Any CPU
	EndGlobalSection
	GlobalSection(ProjectConfigurationPlatforms) = postSolution
		{3263103A-98DD-42FC-80E0-A483E7D7A467}.Debug|Any CPU.ActiveCfg = Debug|Any CPU
		{3263103A-98DD-42FC-80E0-A483E7D7A467}.Debug|Any CPU.Build.0 = Debug|Any CPU
		{3263103A-98DD-42FC-80E0-A483E7D7A467}.Release|Any CPU.ActiveCfg = Release|Any CPU
		{3263103A-98DD-42FC-80E0-A483E7D7A467}.Release|Any CPU.Build.0 = Release|Any CPU
		{2C9D82DC-F9CC-4119-AFDA-EE0319369EDD}.Debug|Any CPU.ActiveCfg = Debug|Any CPU
		{2C9D82DC-F9CC-4119-AFDA-EE0319369EDD}.Debug|Any CPU.Build.0 = Debug|Any CPU
		{2C9D82DC-F9CC-4119-AFDA-EE0319369EDD}.Release|Any CPU.ActiveCfg = Release|Any CPU
		{2C9D82DC-F9CC-4119-AFDA-EE0319369EDD}.Release|Any CPU.Build.0 = Release|Any CPU
		{7F9820F2-8325-4230-9625-B665458240A8}.Debug|Any CPU.ActiveCfg = Debug|Any CPU
		{7F9820F2-8325-4230-9625-B665458240A8}.Debug|Any CPU.Build.0 = Debug|Any CPU
		{7F9820F2-8325-4230-9625-B665458240A8}.Release|Any CPU.ActiveCfg = Release|Any CPU
		{7F9820F2-8325-4230-9625-B665458240A8}.Release|Any CPU.Build.0 = Release|Any CPU
		{737FA5C2-667E-4B77-9160-2A90E503D078}.Debug|Any CPU.ActiveCfg = Debug|Any CPU
		{737FA5C2-667E-4B77-9160-2A90E503D078}.Debug|Any CPU.Build.0 = Debug|Any CPU
		{737FA5C2-667E-4B77-9160-2A90E503D078}.Release|Any CPU.ActiveCfg = Release|Any CPU
		{737FA5C2-667E-4B77-9160-2A90E503D078}.Release|Any CPU.Build.0 = Release|Any CPU
		{912E5CA9-7DFF-41E0-A285-B095CF9E8577}.Debug|Any CPU.ActiveCfg = Debug|Any CPU
		{912E5CA9-7DFF-41E0-A285-B095CF9E8577}.Debug|Any CPU.Build.0 = Debug|Any CPU
		{912E5CA9-7DFF-41E0-A285-B095CF9E8577}.Release|Any CPU.ActiveCfg = Release|Any CPU
		{912E5CA9-7DFF-41E0-A285-B095CF9E8577}.Release|Any CPU.Build.0 = Release|Any CPU
		{D1FDE1EB-8A3C-4123-9A2E-0BDB4D8A5BA2}.Debug|Any CPU.ActiveCfg = Debug|Any CPU
		{D1FDE1EB-8A3C-4123-9A2E-0BDB4D8A5BA2}.Debug|Any CPU.Build.0 = Debug|Any CPU
		{D1FDE1EB-8A3C-4123-9A2E-0BDB4D8A5BA2}.Release|Any CPU.ActiveCfg = Release|Any CPU
		{D1FDE1EB-8A3C-4123-9A2E-0BDB4D8A5BA2}.Release|Any CPU.Build.0 = Release|Any CPU
	EndGlobalSection
	GlobalSection(SolutionProperties) = preSolution
		HideSolutionNode = FALSE
	EndGlobalSection
	GlobalSection(ExtensibilityGlobals) = postSolution
		SolutionGuid = {F15C0648-D0B3-4BFF-B255-A99E07934142}
	EndGlobalSection
EndGlobal
